
Microsoft Visual Studio Solution File, Format Version 12.00
# Visual Studio 15
VisualStudioVersion = 15.0.27130.2036
MinimumVisualStudioVersion = 10.0.40219.1
Project("{9A19103F-16F7-4668-BE54-9A1E7A4F7556}") = "Symcol.Core", "Symcol.Core\Symcol.Core.csproj", "{C9A73D4E-2D47-4C49-AC97-7A54BCA81445}"
EndProject
Project("{9A19103F-16F7-4668-BE54-9A1E7A4F7556}") = "touhou.sharp.Game.Resources", "touhou.sharp.Game.Resources\touhou.sharp.Game.Resources.csproj", "{32962554-E724-4EBA-906A-2DA633FFE6BD}"
EndProject
Project("{9A19103F-16F7-4668-BE54-9A1E7A4F7556}") = "touhou.sharp.Game", "touhou.sharp.Game\touhou.sharp.Game.csproj", "{FBDB7628-34B6-4EEF-A7CF-95E307EF0A64}"
EndProject
Project("{9A19103F-16F7-4668-BE54-9A1E7A4F7556}") = "touhou.sharp.Desktop", "touhou.sharp.Desktop\touhou.sharp.Desktop.csproj", "{E869B5D2-AE5F-4020-A7FC-81AD3643609E}"
EndProject
Project("{9A19103F-16F7-4668-BE54-9A1E7A4F7556}") = "osu.Framework", "osu-framework\osu.Framework\osu.Framework.csproj", "{181362E3-FCA0-4DF3-9919-B26FAD4F1FF0}"
EndProject
Global
	GlobalSection(SolutionConfigurationPlatforms) = preSolution
		Debug|Any CPU = Debug|Any CPU
		Release|Any CPU = Release|Any CPU
	EndGlobalSection
	GlobalSection(ProjectConfigurationPlatforms) = postSolution
		{C9A73D4E-2D47-4C49-AC97-7A54BCA81445}.Debug|Any CPU.ActiveCfg = Debug|Any CPU
		{C9A73D4E-2D47-4C49-AC97-7A54BCA81445}.Debug|Any CPU.Build.0 = Debug|Any CPU
		{C9A73D4E-2D47-4C49-AC97-7A54BCA81445}.Release|Any CPU.ActiveCfg = Release|Any CPU
		{C9A73D4E-2D47-4C49-AC97-7A54BCA81445}.Release|Any CPU.Build.0 = Release|Any CPU
		{32962554-E724-4EBA-906A-2DA633FFE6BD}.Debug|Any CPU.ActiveCfg = Debug|Any CPU
		{32962554-E724-4EBA-906A-2DA633FFE6BD}.Debug|Any CPU.Build.0 = Debug|Any CPU
		{32962554-E724-4EBA-906A-2DA633FFE6BD}.Release|Any CPU.ActiveCfg = Release|Any CPU
		{32962554-E724-4EBA-906A-2DA633FFE6BD}.Release|Any CPU.Build.0 = Release|Any CPU
		{FBDB7628-34B6-4EEF-A7CF-95E307EF0A64}.Debug|Any CPU.ActiveCfg = Debug|Any CPU
		{FBDB7628-34B6-4EEF-A7CF-95E307EF0A64}.Debug|Any CPU.Build.0 = Debug|Any CPU
		{FBDB7628-34B6-4EEF-A7CF-95E307EF0A64}.Release|Any CPU.ActiveCfg = Release|Any CPU
		{FBDB7628-34B6-4EEF-A7CF-95E307EF0A64}.Release|Any CPU.Build.0 = Release|Any CPU
		{E869B5D2-AE5F-4020-A7FC-81AD3643609E}.Debug|Any CPU.ActiveCfg = Debug|Any CPU
		{E869B5D2-AE5F-4020-A7FC-81AD3643609E}.Debug|Any CPU.Build.0 = Debug|Any CPU
		{E869B5D2-AE5F-4020-A7FC-81AD3643609E}.Release|Any CPU.ActiveCfg = Release|Any CPU
		{E869B5D2-AE5F-4020-A7FC-81AD3643609E}.Release|Any CPU.Build.0 = Release|Any CPU
		{181362E3-FCA0-4DF3-9919-B26FAD4F1FF0}.Debug|Any CPU.ActiveCfg = Debug|Any CPU
		{181362E3-FCA0-4DF3-9919-B26FAD4F1FF0}.Debug|Any CPU.Build.0 = Debug|Any CPU
		{181362E3-FCA0-4DF3-9919-B26FAD4F1FF0}.Release|Any CPU.ActiveCfg = Release|Any CPU
		{181362E3-FCA0-4DF3-9919-B26FAD4F1FF0}.Release|Any CPU.Build.0 = Release|Any CPU
	EndGlobalSection
	GlobalSection(SolutionProperties) = preSolution
		HideSolutionNode = FALSE
	EndGlobalSection
	GlobalSection(ExtensibilityGlobals) = postSolution
		SolutionGuid = {F351B246-0159-4490-8505-3292A47E0233}
	EndGlobalSection
	GlobalSection(MonoDevelopProperties) = preSolution
		Policies = $0
		$0.TextStylePolicy = $1
		$1.EolMarker = Windows
		$1.inheritsSet = VisualStudio
		$1.inheritsScope = text/plain
		$1.scope = text/x-csharp
		$0.CSharpFormattingPolicy = $2
		$2.IndentSwitchSection = True
		$2.NewLinesForBracesInProperties = True
		$2.NewLinesForBracesInAccessors = True
		$2.NewLinesForBracesInAnonymousMethods = True
		$2.NewLinesForBracesInControlBlocks = True
		$2.NewLinesForBracesInAnonymousTypes = True
		$2.NewLinesForBracesInObjectCollectionArrayInitializers = True
		$2.NewLinesForBracesInLambdaExpressionBody = True
		$2.NewLineForElse = True
		$2.NewLineForCatch = True
		$2.NewLineForFinally = True
		$2.NewLineForMembersInObjectInit = True
		$2.NewLineForMembersInAnonymousTypes = True
		$2.NewLineForClausesInQuery = True
		$2.SpacingAfterMethodDeclarationName = False
		$2.SpaceAfterMethodCallName = False
		$2.SpaceBeforeOpenSquareBracket = False
		$2.inheritsSet = Mono
		$2.inheritsScope = text/x-csharp
		$2.scope = text/x-csharp
	EndGlobalSection
	GlobalSection(MonoDevelopProperties) = preSolution
		Policies = $0
		$0.TextStylePolicy = $1
		$1.EolMarker = Windows
		$1.inheritsSet = VisualStudio
		$1.inheritsScope = text/plain
		$1.scope = text/x-csharp
		$0.CSharpFormattingPolicy = $2
		$2.IndentSwitchSection = True
		$2.NewLinesForBracesInProperties = True
		$2.NewLinesForBracesInAccessors = True
		$2.NewLinesForBracesInAnonymousMethods = True
		$2.NewLinesForBracesInControlBlocks = True
		$2.NewLinesForBracesInAnonymousTypes = True
		$2.NewLinesForBracesInObjectCollectionArrayInitializers = True
		$2.NewLinesForBracesInLambdaExpressionBody = True
		$2.NewLineForElse = True
		$2.NewLineForCatch = True
		$2.NewLineForFinally = True
		$2.NewLineForMembersInObjectInit = True
		$2.NewLineForMembersInAnonymousTypes = True
		$2.NewLineForClausesInQuery = True
		$2.SpacingAfterMethodDeclarationName = False
		$2.SpaceAfterMethodCallName = False
		$2.SpaceBeforeOpenSquareBracket = False
		$2.inheritsSet = Mono
		$2.inheritsScope = text/x-csharp
		$2.scope = text/x-csharp
	EndGlobalSection
EndGlobal
